
Microsoft Visual Studio Solution File, Format Version 12.00
# Visual Studio Version 17
VisualStudioVersion = 17.5.33424.131
MinimumVisualStudioVersion = 10.0.40219.1
Project("{FAE04EC0-301F-11D3-BF4B-00C04F79EFBC}") = "DataServer", "DataServer\DataServer.csproj", "{4D9F8E08-761D-4EF6-AE34-FDADC4D79865}"
EndProject
Global
	GlobalSection(SolutionConfigurationPlatforms) = preSolution
		Debug|Any CPU = Debug|Any CPU
		Release|Any CPU = Release|Any CPU
	EndGlobalSection
	GlobalSection(ProjectConfigurationPlatforms) = postSolution
		{4D9F8E08-761D-4EF6-AE34-FDADC4D79865}.Debug|Any CPU.ActiveCfg = Debug|Any CPU
		{4D9F8E08-761D-4EF6-AE34-FDADC4D79865}.Debug|Any CPU.Build.0 = Debug|Any CPU
		{4D9F8E08-761D-4EF6-AE34-FDADC4D79865}.Release|Any CPU.ActiveCfg = Release|Any CPU
		{4D9F8E08-761D-4EF6-AE34-FDADC4D79865}.Release|Any CPU.Build.0 = Release|Any CPU
	EndGlobalSection
	GlobalSection(SolutionProperties) = preSolution
		HideSolutionNode = FALSE
	EndGlobalSection
	GlobalSection(ExtensibilityGlobals) = postSolution
		SolutionGuid = {A2C328B7-9595-4147-84D7-847469AD3AF7}
	EndGlobalSection
EndGlobal
