
Microsoft Visual Studio Solution File, Format Version 12.00
# Visual Studio Version 17
VisualStudioVersion = 17.5.33424.131
MinimumVisualStudioVersion = 10.0.40219.1
Project("{FAE04EC0-301F-11D3-BF4B-00C04F79EFBC}") = "ClienteChat", "ClienteChat\ClienteChat.csproj", "{0E673D51-3F5C-4631-BBB0-3C08A0E0BDFE}"
EndProject
Global
	GlobalSection(SolutionConfigurationPlatforms) = preSolution
		Debug|Any CPU = Debug|Any CPU
		Release|Any CPU = Release|Any CPU
	EndGlobalSection
	GlobalSection(ProjectConfigurationPlatforms) = postSolution
		{0E673D51-3F5C-4631-BBB0-3C08A0E0BDFE}.Debug|Any CPU.ActiveCfg = Debug|Any CPU
		{0E673D51-3F5C-4631-BBB0-3C08A0E0BDFE}.Debug|Any CPU.Build.0 = Debug|Any CPU
		{0E673D51-3F5C-4631-BBB0-3C08A0E0BDFE}.Release|Any CPU.ActiveCfg = Release|Any CPU
		{0E673D51-3F5C-4631-BBB0-3C08A0E0BDFE}.Release|Any CPU.Build.0 = Release|Any CPU
	EndGlobalSection
	GlobalSection(SolutionProperties) = preSolution
		HideSolutionNode = FALSE
	EndGlobalSection
	GlobalSection(ExtensibilityGlobals) = postSolution
		SolutionGuid = {89CAD579-E2FF-4C61-A244-05CF8D21C52E}
	EndGlobalSection
EndGlobal
